{
  "name": "shuby",
  "version": "1.0.0",
  "lockfileVersion": 3,
  "requires": true,
  "packages": {
    "": {
      "name": "shuby",
      "version": "1.0.0",
      "license": "ISC",
      "dependencies": {
        "daisyui": "^5.5.8"
      }
    },
    "node_modules/daisyui": {
      "version": "5.5.8",
      "resolved": "https://registry.npmjs.org/daisyui/-/daisyui-5.5.8.tgz",
      "integrity": "sha512-6psL9jIEOFOw68V10j/BKCWcRgx8dh81mmNxShr+g7HDM6UHNoPharlp9zq/PQkHNuGU1ZQsajR3HgpvavbRKQ==",
      "license": "MIT",
      "funding": {
        "url": "https://github.com/saadeghi/daisyui?sponsor=1"
      }
    }
  }
}
